
Microsoft Visual Studio Solution File, Format Version 12.00
# Visual Studio Version 16
VisualStudioVersion = 16.0.30717.126
MinimumVisualStudioVersion = 10.0.40219.1
Project("{9A19103F-16F7-4668-BE54-9A1E7A4F7556}") = "ParkingLot", "ParkingLot.csproj", "{A3CE74B9-9EB8-423D-A709-1FC23DC538E7}"
EndProject
Project("{FAE04EC0-301F-11D3-BF4B-00C04F79EFBC}") = "UnitTestProject2", "..\NinjaTests\UnitTestProject2\UnitTestProject2.csproj", "{F59F9E3A-87D6-43F2-8435-E58C5F34D40F}"
EndProject
Project("{FAE04EC0-301F-11D3-BF4B-00C04F79EFBC}") = "ParkingLot2", "..\ParkingLot2\ParkingLot2.csproj", "{47753769-06A7-43D9-B226-B3C5EE888BC2}"
EndProject
Global
	GlobalSection(SolutionConfigurationPlatforms) = preSolution
		Debug|Any CPU = Debug|Any CPU
		Release|Any CPU = Release|Any CPU
	EndGlobalSection
	GlobalSection(ProjectConfigurationPlatforms) = postSolution
		{A3CE74B9-9EB8-423D-A709-1FC23DC538E7}.Debug|Any CPU.ActiveCfg = Debug|Any CPU
		{A3CE74B9-9EB8-423D-A709-1FC23DC538E7}.Debug|Any CPU.Build.0 = Debug|Any CPU
		{A3CE74B9-9EB8-423D-A709-1FC23DC538E7}.Release|Any CPU.ActiveCfg = Release|Any CPU
		{A3CE74B9-9EB8-423D-A709-1FC23DC538E7}.Release|Any CPU.Build.0 = Release|Any CPU
		{F59F9E3A-87D6-43F2-8435-E58C5F34D40F}.Debug|Any CPU.ActiveCfg = Debug|Any CPU
		{F59F9E3A-87D6-43F2-8435-E58C5F34D40F}.Debug|Any CPU.Build.0 = Debug|Any CPU
		{F59F9E3A-87D6-43F2-8435-E58C5F34D40F}.Release|Any CPU.ActiveCfg = Release|Any CPU
		{F59F9E3A-87D6-43F2-8435-E58C5F34D40F}.Release|Any CPU.Build.0 = Release|Any CPU
		{47753769-06A7-43D9-B226-B3C5EE888BC2}.Debug|Any CPU.ActiveCfg = Debug|Any CPU
		{47753769-06A7-43D9-B226-B3C5EE888BC2}.Debug|Any CPU.Build.0 = Debug|Any CPU
		{47753769-06A7-43D9-B226-B3C5EE888BC2}.Release|Any CPU.ActiveCfg = Release|Any CPU
		{47753769-06A7-43D9-B226-B3C5EE888BC2}.Release|Any CPU.Build.0 = Release|Any CPU
	EndGlobalSection
	GlobalSection(SolutionProperties) = preSolution
		HideSolutionNode = FALSE
	EndGlobalSection
	GlobalSection(ExtensibilityGlobals) = postSolution
		SolutionGuid = {1DE95021-4B04-46AF-9453-EEF8E8E10F71}
	EndGlobalSection
EndGlobal
